
Microsoft Visual Studio Solution File, Format Version 12.00
# Visual Studio 15
VisualStudioVersion = 15.0.26124.0
MinimumVisualStudioVersion = 15.0.26124.0
Project("{FAE04EC0-301F-11D3-BF4B-00C04F79EFBC}") = "API", "API\API.csproj", "{52E4F442-E2E6-4670-B8F0-7C033B79B227}"
EndProject
Project("{FAE04EC0-301F-11D3-BF4B-00C04F79EFBC}") = "Core", "Core\Core.csproj", "{786B3DCF-9739-46BD-87AD-933580F955C0}"
EndProject
Project("{FAE04EC0-301F-11D3-BF4B-00C04F79EFBC}") = "Infrastructure", "Infrastructure\Infrastructure.csproj", "{04259447-C209-4F9A-A6E9-56D5C3766C54}"
EndProject
Global
	GlobalSection(SolutionConfigurationPlatforms) = preSolution
		Debug|Any CPU = Debug|Any CPU
		Debug|x64 = Debug|x64
		Debug|x86 = Debug|x86
		Release|Any CPU = Release|Any CPU
		Release|x64 = Release|x64
		Release|x86 = Release|x86
	EndGlobalSection
	GlobalSection(SolutionProperties) = preSolution
		HideSolutionNode = FALSE
	EndGlobalSection
	GlobalSection(ProjectConfigurationPlatforms) = postSolution
		{52E4F442-E2E6-4670-B8F0-7C033B79B227}.Debug|Any CPU.ActiveCfg = Debug|Any CPU
		{52E4F442-E2E6-4670-B8F0-7C033B79B227}.Debug|Any CPU.Build.0 = Debug|Any CPU
		{52E4F442-E2E6-4670-B8F0-7C033B79B227}.Debug|x64.ActiveCfg = Debug|Any CPU
		{52E4F442-E2E6-4670-B8F0-7C033B79B227}.Debug|x64.Build.0 = Debug|Any CPU
		{52E4F442-E2E6-4670-B8F0-7C033B79B227}.Debug|x86.ActiveCfg = Debug|Any CPU
		{52E4F442-E2E6-4670-B8F0-7C033B79B227}.Debug|x86.Build.0 = Debug|Any CPU
		{52E4F442-E2E6-4670-B8F0-7C033B79B227}.Release|Any CPU.ActiveCfg = Release|Any CPU
		{52E4F442-E2E6-4670-B8F0-7C033B79B227}.Release|Any CPU.Build.0 = Release|Any CPU
		{52E4F442-E2E6-4670-B8F0-7C033B79B227}.Release|x64.ActiveCfg = Release|Any CPU
		{52E4F442-E2E6-4670-B8F0-7C033B79B227}.Release|x64.Build.0 = Release|Any CPU
		{52E4F442-E2E6-4670-B8F0-7C033B79B227}.Release|x86.ActiveCfg = Release|Any CPU
		{52E4F442-E2E6-4670-B8F0-7C033B79B227}.Release|x86.Build.0 = Release|Any CPU
		{786B3DCF-9739-46BD-87AD-933580F955C0}.Debug|Any CPU.ActiveCfg = Debug|Any CPU
		{786B3DCF-9739-46BD-87AD-933580F955C0}.Debug|Any CPU.Build.0 = Debug|Any CPU
		{786B3DCF-9739-46BD-87AD-933580F955C0}.Debug|x64.ActiveCfg = Debug|Any CPU
		{786B3DCF-9739-46BD-87AD-933580F955C0}.Debug|x64.Build.0 = Debug|Any CPU
		{786B3DCF-9739-46BD-87AD-933580F955C0}.Debug|x86.ActiveCfg = Debug|Any CPU
		{786B3DCF-9739-46BD-87AD-933580F955C0}.Debug|x86.Build.0 = Debug|Any CPU
		{786B3DCF-9739-46BD-87AD-933580F955C0}.Release|Any CPU.ActiveCfg = Release|Any CPU
		{786B3DCF-9739-46BD-87AD-933580F955C0}.Release|Any CPU.Build.0 = Release|Any CPU
		{786B3DCF-9739-46BD-87AD-933580F955C0}.Release|x64.ActiveCfg = Release|Any CPU
		{786B3DCF-9739-46BD-87AD-933580F955C0}.Release|x64.Build.0 = Release|Any CPU
		{786B3DCF-9739-46BD-87AD-933580F955C0}.Release|x86.ActiveCfg = Release|Any CPU
		{786B3DCF-9739-46BD-87AD-933580F955C0}.Release|x86.Build.0 = Release|Any CPU
		{04259447-C209-4F9A-A6E9-56D5C3766C54}.Debug|Any CPU.ActiveCfg = Debug|Any CPU
		{04259447-C209-4F9A-A6E9-56D5C3766C54}.Debug|Any CPU.Build.0 = Debug|Any CPU
		{04259447-C209-4F9A-A6E9-56D5C3766C54}.Debug|x64.ActiveCfg = Debug|Any CPU
		{04259447-C209-4F9A-A6E9-56D5C3766C54}.Debug|x64.Build.0 = Debug|Any CPU
		{04259447-C209-4F9A-A6E9-56D5C3766C54}.Debug|x86.ActiveCfg = Debug|Any CPU
		{04259447-C209-4F9A-A6E9-56D5C3766C54}.Debug|x86.Build.0 = Debug|Any CPU
		{04259447-C209-4F9A-A6E9-56D5C3766C54}.Release|Any CPU.ActiveCfg = Release|Any CPU
		{04259447-C209-4F9A-A6E9-56D5C3766C54}.Release|Any CPU.Build.0 = Release|Any CPU
		{04259447-C209-4F9A-A6E9-56D5C3766C54}.Release|x64.ActiveCfg = Release|Any CPU
		{04259447-C209-4F9A-A6E9-56D5C3766C54}.Release|x64.Build.0 = Release|Any CPU
		{04259447-C209-4F9A-A6E9-56D5C3766C54}.Release|x86.ActiveCfg = Release|Any CPU
		{04259447-C209-4F9A-A6E9-56D5C3766C54}.Release|x86.Build.0 = Release|Any CPU
	EndGlobalSection
EndGlobal
